// !$*UTF8*$!
{
	archiveVersion = 1;
	classes = {
	};
	objectVersion = 50;
	objects = {

/* Begin PBXBuildFile section */
		CD4F46EF23AA0E5F00E95B0A /* BaseViewController.swift in Sources */ = {isa = PBXBuildFile; fileRef = CD4F46EE23AA0E5F00E95B0A /* BaseViewController.swift */; };
		CD56699923A96C3600DD7416 /* LoginViewController.swift in Sources */ = {isa = PBXBuildFile; fileRef = CD56699823A96C3600DD7416 /* LoginViewController.swift */; };
		CD56699B23A96C5B00DD7416 /* SignUpViewController.swift in Sources */ = {isa = PBXBuildFile; fileRef = CD56699A23A96C5B00DD7416 /* SignUpViewController.swift */; };
		CD751D0223A9255A00759154 /* AppDelegate.swift in Sources */ = {isa = PBXBuildFile; fileRef = CD751D0123A9255A00759154 /* AppDelegate.swift */; };
		CD751D0423A9255A00759154 /* SceneDelegate.swift in Sources */ = {isa = PBXBuildFile; fileRef = CD751D0323A9255A00759154 /* SceneDelegate.swift */; };
		CD751D0623A9255A00759154 /* ViewController.swift in Sources */ = {isa = PBXBuildFile; fileRef = CD751D0523A9255A00759154 /* ViewController.swift */; };
		CD751D0923A9255A00759154 /* Main.storyboard in Resources */ = {isa = PBXBuildFile; fileRef = CD751D0723A9255A00759154 /* Main.storyboard */; };
		CD751D0B23A9255F00759154 /* Assets.xcassets in Resources */ = {isa = PBXBuildFile; fileRef = CD751D0A23A9255F00759154 /* Assets.xcassets */; };
		CD751D0E23A9255F00759154 /* LaunchScreen.storyboard in Resources */ = {isa = PBXBuildFile; fileRef = CD751D0C23A9255F00759154 /* LaunchScreen.storyboard */; };
/* End PBXBuildFile section */

/* Begin PBXFileReference section */
		CD4F46EE23AA0E5F00E95B0A /* BaseViewController.swift */ = {isa = PBXFileReference; lastKnownFileType = sourcecode.swift; path = BaseViewController.swift; sourceTree = "<group>"; };
		CD56699823A96C3600DD7416 /* LoginViewController.swift */ = {isa = PBXFileReference; lastKnownFileType = sourcecode.swift; path = LoginViewController.swift; sourceTree = "<group>"; };
		CD56699A23A96C5B00DD7416 /* SignUpViewController.swift */ = {isa = PBXFileReference; lastKnownFileType = sourcecode.swift; path = SignUpViewController.swift; sourceTree = "<group>"; };
		CD751CFE23A9255A00759154 /* HomeWork_2.app */ = {isa = PBXFileReference; explicitFileType = wrapper.application; includeInIndex = 0; path = HomeWork_2.app; sourceTree = BUILT_PRODUCTS_DIR; };
		CD751D0123A9255A00759154 /* AppDelegate.swift */ = {isa = PBXFileReference; lastKnownFileType = sourcecode.swift; path = AppDelegate.swift; sourceTree = "<group>"; };
		CD751D0323A9255A00759154 /* SceneDelegate.swift */ = {isa = PBXFileReference; lastKnownFileType = sourcecode.swift; path = SceneDelegate.swift; sourceTree = "<group>"; };
		CD751D0523A9255A00759154 /* ViewController.swift */ = {isa = PBXFileReference; lastKnownFileType = sourcecode.swift; path = ViewController.swift; sourceTree = "<group>"; };
		CD751D0823A9255A00759154 /* Base */ = {isa = PBXFileReference; lastKnownFileType = file.storyboard; name = Base; path = Base.lproj/Main.storyboard; sourceTree = "<group>"; };
		CD751D0A23A9255F00759154 /* Assets.xcassets */ = {isa = PBXFileReference; lastKnownFileType = folder.assetcatalog; path = Assets.xcassets; sourceTree = "<group>"; };
		CD751D0D23A9255F00759154 /* Base */ = {isa = PBXFileReference; lastKnownFileType = file.storyboard; name = Base; path = Base.lproj/LaunchScreen.storyboard; sourceTree = "<group>"; };
		CD751D0F23A9255F00759154 /* Info.plist */ = {isa = PBXFileReference; lastKnownFileType = text.plist.xml; path = Info.plist; sourceTree = "<group>"; };
/* End PBXFileReference section */

/* Begin PBXFrameworksBuildPhase section */
		CD751CFB23A9255A00759154 /* Frameworks */ = {
			isa = PBXFrameworksBuildPhase;
			buildActionMask = 2147483647;
			files = (
			);
			runOnlyForDeploymentPostprocessing = 0;
		};
/* End PBXFrameworksBuildPhase section */

/* Begin PBXGroup section */
		CD751CF523A9255A00759154 = {
			isa = PBXGroup;
			children = (
				CD751D0023A9255A00759154 /* HomeWork_2 */,
				CD751CFF23A9255A00759154 /* Products */,
			);
			sourceTree = "<group>";
		};
		CD751CFF23A9255A00759154 /* Products */ = {
			isa = PBXGroup;
			children = (
				CD751CFE23A9255A00759154 /* HomeWork_2.app */,
			);
			name = Products;
			sourceTree = "<group>";
		};
		CD751D0023A9255A00759154 /* HomeWork_2 */ = {
			isa = PBXGroup;
			children = (
				CD751D0123A9255A00759154 /* AppDelegate.swift */,
				CD751D0323A9255A00759154 /* SceneDelegate.swift */,
				CD751D0523A9255A00759154 /* ViewController.swift */,
				CD751D0723A9255A00759154 /* Main.storyboard */,
				CD4F46EE23AA0E5F00E95B0A /* BaseViewController.swift */,
				CD56699823A96C3600DD7416 /* LoginViewController.swift */,
				CD56699A23A96C5B00DD7416 /* SignUpViewController.swift */,
				CD751D0A23A9255F00759154 /* Assets.xcassets */,
				CD751D0C23A9255F00759154 /* LaunchScreen.storyboard */,
				CD751D0F23A9255F00759154 /* Info.plist */,
			);
			path = HomeWork_2;
			sourceTree = "<group>";
		};
/* End PBXGroup section */

/* Begin PBXNativeTarget section */
		CD751CFD23A9255A00759154 /* HomeWork_2 */ = {
			isa = PBXNativeTarget;
			buildConfigurationList = CD751D1223A9255F00759154 /* Build configuration list for PBXNativeTarget "HomeWork_2" */;
			buildPhases = (
				CD751CFA23A9255A00759154 /* Sources */,
				CD751CFB23A9255A00759154 /* Frameworks */,
				CD751CFC23A9255A00759154 /* Resources */,
			);
			buildRules = (
			);
			dependencies = (
			);
			name = HomeWork_2;
			productName = HomeWork_2;
			productReference = CD751CFE23A9255A00759154 /* HomeWork_2.app */;
			productType = "com.apple.product-type.application";
		};
/* End PBXNativeTarget section */

/* Begin PBXProject section */
		CD751CF623A9255A00759154 /* Project object */ = {
			isa = PBXProject;
			attributes = {
				LastSwiftUpdateCheck = 1130;
				LastUpgradeCheck = 1130;
				ORGANIZATIONNAME = "Sasza Niehaj";
				TargetAttributes = {
					CD751CFD23A9255A00759154 = {
						CreatedOnToolsVersion = 11.3;
					};
				};
			};
			buildConfigurationList = CD751CF923A9255A00759154 /* Build configuration list for PBXProject "HomeWork_2" */;
			compatibilityVersion = "Xcode 9.3";
			developmentRegion = en;
			hasScannedForEncodings = 0;
			knownRegions = (
				en,
				Base,
			);
			mainGroup = CD751CF523A9255A00759154;
			productRefGroup = CD751CFF23A9255A00759154 /* Products */;
			projectDirPath = "";
			projectRoot = "";
			targets = (
				CD751CFD23A9255A00759154 /* HomeWork_2 */,
			);
		};
/* End PBXProject section */

/* Begin PBXResourcesBuildPhase section */
		CD751CFC23A9255A00759154 /* Resources */ = {
			isa = PBXResourcesBuildPhase;
			buildActionMask = 2147483647;
			files = (
				CD751D0E23A9255F00759154 /* LaunchScreen.storyboard in Resources */,
				CD751D0B23A9255F00759154 /* Assets.xcassets in Resources */,
				CD751D0923A9255A00759154 /* Main.storyboard in Resources */,
			);
			runOnlyForDeploymentPostprocessing = 0;
		};
/* End PBXResourcesBuildPhase section */

/* Begin PBXSourcesBuildPhase section */
		CD751CFA23A9255A00759154 /* Sources */ = {
			isa = PBXSourcesBuildPhase;
			buildActionMask = 2147483647;
			files = (
				CD56699923A96C3600DD7416 /* LoginViewController.swift in Sources */,
				CD751D0623A9255A00759154 /* ViewController.swift in Sources */,
				CD751D0223A9255A00759154 /* AppDelegate.swift in Sources */,
				CD751D0423A9255A00759154 /* SceneDelegate.swift in Sources */,
				CD56699B23A96C5B00DD7416 /* SignUpViewController.swift in Sources */,
				CD4F46EF23AA0E5F00E95B0A /* BaseViewController.swift in Sources */,
			);
			runOnlyForDeploymentPostprocessing = 0;
		};
/* End PBXSourcesBuildPhase section */

/* Begin PBXVariantGroup section */
		CD751D0723A9255A00759154 /* Main.storyboard */ = {
			isa = PBXVariantGroup;
			children = (
				CD751D0823A9255A00759154 /* Base */,
			);
			name = Main.storyboard;
			sourceTree = "<group>";
		};
		CD751D0C23A9255F00759154 /* LaunchScreen.storyboard */ = {
			isa = PBXVariantGroup;
			children = (
				CD751D0D23A9255F00759154 /* Base */,
			);
			name = LaunchScreen.storyboard;
			sourceTree = "<group>";
		};
/* End PBXVariantGroup section */

/* Begin XCBuildConfiguration section */
		CD751D1023A9255F00759154 /* Debug */ = {
			isa = XCBuildConfiguration;
			buildSettings = {
				ALWAYS_SEARCH_USER_PATHS = NO;
				CLANG_ANALYZER_NONNULL = YES;
				CLANG_ANALYZER_NUMBER_OBJECT_CONVERSION = YES_AGGRESSIVE;
				CLANG_CXX_LANGUAGE_STANDARD = "gnu++14";
				CLANG_CXX_LIBRARY = "libc++";
				CLANG_ENABLE_MODULES = YES;
				CLANG_ENABLE_OBJC_ARC = YES;
				CLANG_ENABLE_OBJC_WEAK = YES;
				CLANG_WARN_BLOCK_CAPTURE_AUTORELEASING = YES;
				CLANG_WARN_BOOL_CONVERSION = YES;
				CLANG_WARN_COMMA = YES;
				CLANG_WARN_CONSTANT_CONVERSION = YES;
				CLANG_WARN_DEPRECATED_OBJC_IMPLEMENTATIONS = YES;
				CLANG_WARN_DIRECT_OBJC_ISA_USAGE = YES_ERROR;
				CLANG_WARN_DOCUMENTATION_COMMENTS = YES;
				CLANG_WARN_EMPTY_BODY = YES;
				CLANG_WARN_ENUM_CONVERSION = YES;
				CLANG_WARN_INFINITE_RECURSION = YES;
				CLANG_WARN_INT_CONVERSION = YES;
				CLANG_WARN_NON_LITERAL_NULL_CONVERSION = YES;
				CLANG_WARN_OBJC_IMPLICIT_RETAIN_SELF = YES;
				CLANG_WARN_OBJC_LITERAL_CONVERSION = YES;
				CLANG_WARN_OBJC_ROOT_CLASS = YES_ERROR;
				CLANG_WARN_RANGE_LOOP_ANALYSIS = YES;
				CLANG_WARN_STRICT_PROTOTYPES = YES;
				CLANG_WARN_SUSPICIOUS_MOVE = YES;
				CLANG_WARN_UNGUARDED_AVAILABILITY = YES_AGGRESSIVE;
				CLANG_WARN_UNREACHABLE_CODE = YES;
				CLANG_WARN__DUPLICATE_METHOD_MATCH = YES;
				COPY_PHASE_STRIP = NO;
				DEBUG_INFORMATION_FORMAT = dwarf;
				ENABLE_STRICT_OBJC_MSGSEND = YES;
				ENABLE_TESTABILITY = YES;
				GCC_C_LANGUAGE_STANDARD = gnu11;
				GCC_DYNAMIC_NO_PIC = NO;
				GCC_NO_COMMON_BLOCKS = YES;
				GCC_OPTIMIZATION_LEVEL = 0;
				GCC_PREPROCESSOR_DEFINITIONS = (
					"DEBUG=1",
					"$(inherited)",
				);
				GCC_WARN_64_TO_32_BIT_CONVERSION = YES;
				GCC_WARN_ABOUT_RETURN_TYPE = YES_ERROR;
				GCC_WARN_UNDECLARED_SELECTOR = YES;
				GCC_WARN_UNINITIALIZED_AUTOS = YES_AGGRESSIVE;
				GCC_WARN_UNUSED_FUNCTION = YES;
				GCC_WARN_UNUSED_VARIABLE = YES;
				IPHONEOS_DEPLOYMENT_TARGET = 13.2;
				MTL_ENABLE_DEBUG_INFO = INCLUDE_SOURCE;
				MTL_FAST_MATH = YES;
				ONLY_ACTIVE_ARCH = YES;
				SDKROOT = iphoneos;
				SWIFT_ACTIVE_COMPILATION_CONDITIONS = DEBUG;
				SWIFT_OPTIMIZATION_LEVEL = "-Onone";
			};
			name = Debug;
		};
		CD751D1123A9255F00759154 /* Release */ = {
			isa = XCBuildConfiguration;
			buildSettings = {
				ALWAYS_SEARCH_USER_PATHS = NO;
				CLANG_ANALYZER_NONNULL = YES;
				CLANG_ANALYZER_NUMBER_OBJECT_CONVERSION = YES_AGGRESSIVE;
				CLANG_CXX_LANGUAGE_STANDARD = "gnu++14";
				CLANG_CXX_LIBRARY = "libc++";
				CLANG_ENABLE_MODULES = YES;
				CLANG_ENABLE_OBJC_ARC = YES;
				CLANG_ENABLE_OBJC_WEAK = YES;
				CLANG_WARN_BLOCK_CAPTURE_AUTORELEASING = YES;
				CLANG_WARN_BOOL_CONVERSION = YES;
				CLANG_WARN_COMMA = YES;
				CLANG_WARN_CONSTANT_CONVERSION = YES;
				CLANG_WARN_DEPRECATED_OBJC_IMPLEMENTATIONS = YES;
				CLANG_WARN_DIRECT_OBJC_ISA_USAGE = YES_ERROR;
				CLANG_WARN_DOCUMENTATION_COMMENTS = YES;
				CLANG_WARN_EMPTY_BODY = YES;
				CLANG_WARN_ENUM_CONVERSION = YES;
				CLANG_WARN_INFINITE_RECURSION = YES;
				CLANG_WARN_INT_CONVERSION = YES;
				CLANG_WARN_NON_LITERAL_NULL_CONVERSION = YES;
				CLANG_WARN_OBJC_IMPLICIT_RETAIN_SELF = YES;
				CLANG_WARN_OBJC_LITERAL_CONVERSION = YES;
				CLANG_WARN_OBJC_ROOT_CLASS = YES_ERROR;
				CLANG_WARN_RANGE_LOOP_ANALYSIS = YES;
				CLANG_WARN_STRICT_PROTOTYPES = YES;
				CLANG_WARN_SUSPICIOUS_MOVE = YES;
				CLANG_WARN_UNGUARDED_AVAILABILITY = YES_AGGRESSIVE;
				CLANG_WARN_UNREACHABLE_CODE = YES;
				CLANG_WARN__DUPLICATE_METHOD_MATCH = YES;
				COPY_PHASE_STRIP = NO;
				DEBUG_INFORMATION_FORMAT = "dwarf-with-dsym";
				ENABLE_NS_ASSERTIONS = NO;
				ENABLE_STRICT_OBJC_MSGSEND = YES;
				GCC_C_LANGUAGE_STANDARD = gnu11;
				GCC_NO_COMMON_BLOCKS = YES;
				GCC_WARN_64_TO_32_BIT_CONVERSION = YES;
				GCC_WARN_ABOUT_RETURN_TYPE = YES_ERROR;
				GCC_WARN_UNDECLARED_SELECTOR = YES;
				GCC_WARN_UNINITIALIZED_AUTOS = YES_AGGRESSIVE;
				GCC_WARN_UNUSED_FUNCTION = YES;
				GCC_WARN_UNUSED_VARIABLE = YES;
				IPHONEOS_DEPLOYMENT_TARGET = 13.2;
				MTL_ENABLE_DEBUG_INFO = NO;
				MTL_FAST_MATH = YES;
				SDKROOT = iphoneos;
				SWIFT_COMPILATION_MODE = wholemodule;
				SWIFT_OPTIMIZATION_LEVEL = "-O";
				VALIDATE_PRODUCT = YES;
			};
			name = Release;
		};
		CD751D1323A9255F00759154 /* Debug */ = {
			isa = XCBuildConfiguration;
			buildSettings = {
				ASSETCATALOG_COMPILER_APPICON_NAME = AppIcon;
				CODE_SIGN_STYLE = Automatic;
				DEVELOPMENT_TEAM = 3FNST7C295;
				INFOPLIST_FILE = HomeWork_2/Info.plist;
				LD_RUNPATH_SEARCH_PATHS = (
					"$(inherited)",
					"@executable_path/Frameworks",
				);
				PRODUCT_BUNDLE_IDENTIFIER = "com.singleman.HomeWork-2";
				PRODUCT_NAME = "$(TARGET_NAME)";
				SWIFT_VERSION = 5.0;
				TARGETED_DEVICE_FAMILY = "1,2";
			};
			name = Debug;
		};
		CD751D1423A9255F00759154 /* Release */ = {
			isa = XCBuildConfiguration;
			buildSettings = {
				ASSETCATALOG_COMPILER_APPICON_NAME = AppIcon;
				CODE_SIGN_STYLE = Automatic;
				DEVELOPMENT_TEAM = 3FNST7C295;
				INFOPLIST_FILE = HomeWork_2/Info.plist;
				LD_RUNPATH_SEARCH_PATHS = (
					"$(inherited)",
					"@executable_path/Frameworks",
				);
				PRODUCT_BUNDLE_IDENTIFIER = "com.singleman.HomeWork-2";
				PRODUCT_NAME = "$(TARGET_NAME)";
				SWIFT_VERSION = 5.0;
				TARGETED_DEVICE_FAMILY = "1,2";
			};
			name = Release;
		};
/* End XCBuildConfiguration section */

/* Begin XCConfigurationList section */
		CD751CF923A9255A00759154 /* Build configuration list for PBXProject "HomeWork_2" */ = {
			isa = XCConfigurationList;
			buildConfigurations = (
				CD751D1023A9255F00759154 /* Debug */,
				CD751D1123A9255F00759154 /* Release */,
			);
			defaultConfigurationIsVisible = 0;
			defaultConfigurationName = Release;
		};
		CD751D1223A9255F00759154 /* Build configuration list for PBXNativeTarget "HomeWork_2" */ = {
			isa = XCConfigurationList;
			buildConfigurations = (
				CD751D1323A9255F00759154 /* Debug */,
				CD751D1423A9255F00759154 /* Release */,
			);
			defaultConfigurationIsVisible = 0;
			defaultConfigurationName = Release;
		};
/* End XCConfigurationList section */
	};
	rootObject = CD751CF623A9255A00759154 /* Project object */;
}
